
Microsoft Visual Studio Solution File, Format Version 12.00
# Visual Studio Version 17
VisualStudioVersion = 17.0.31903.59
MinimumVisualStudioVersion = 10.0.40219.1
Project("{FAE04EC0-301F-11D3-BF4B-00C04F79EFBC}") = "VA.CMS.API", "VA.CMS.API\VA.CMS.API.csproj", "{08D522BE-848B-4D58-96DD-71831EDC0D45}"
EndProject
Project("{FAE04EC0-301F-11D3-BF4B-00C04F79EFBC}") = "VA.CMS.Infrastructure", "VA.CMS.Infrastructure\VA.CMS.Infrastructure.csproj", "{9C140543-2EC2-44B5-96DD-7FC884B78410}"
EndProject
Project("{FAE04EC0-301F-11D3-BF4B-00C04F79EFBC}") = "VA.CMS.Tests", "VA.CMS.Tests\VA.CMS.Tests.csproj", "{2CEF77C0-9C56-4905-A59F-D51F0D5D1D10}"
EndProject
Project("{FAE04EC0-301F-11D3-BF4B-00C04F79EFBC}") = "VA.CMS.CLI", "VA.CMS.CLI\VA.CMS.CLI.csproj", "{7C59B5D8-0420-4456-AE84-D3C3BF24346D}"
EndProject
Global
	GlobalSection(SolutionConfigurationPlatforms) = preSolution
		Debug|Any CPU = Debug|Any CPU
		Release|Any CPU = Release|Any CPU
	EndGlobalSection
	GlobalSection(SolutionProperties) = preSolution
		HideSolutionNode = FALSE
	EndGlobalSection
	GlobalSection(ProjectConfigurationPlatforms) = postSolution
		{08D522BE-848B-4D58-96DD-71831EDC0D45}.Debug|Any CPU.ActiveCfg = Debug|Any CPU
		{08D522BE-848B-4D58-96DD-71831EDC0D45}.Debug|Any CPU.Build.0 = Debug|Any CPU
		{08D522BE-848B-4D58-96DD-71831EDC0D45}.Release|Any CPU.ActiveCfg = Release|Any CPU
		{08D522BE-848B-4D58-96DD-71831EDC0D45}.Release|Any CPU.Build.0 = Release|Any CPU
		{9C140543-2EC2-44B5-96DD-7FC884B78410}.Debug|Any CPU.ActiveCfg = Debug|Any CPU
		{9C140543-2EC2-44B5-96DD-7FC884B78410}.Debug|Any CPU.Build.0 = Debug|Any CPU
		{9C140543-2EC2-44B5-96DD-7FC884B78410}.Release|Any CPU.ActiveCfg = Release|Any CPU
		{9C140543-2EC2-44B5-96DD-7FC884B78410}.Release|Any CPU.Build.0 = Release|Any CPU
		{2CEF77C0-9C56-4905-A59F-D51F0D5D1D10}.Debug|Any CPU.ActiveCfg = Debug|Any CPU
		{2CEF77C0-9C56-4905-A59F-D51F0D5D1D10}.Debug|Any CPU.Build.0 = Debug|Any CPU
		{2CEF77C0-9C56-4905-A59F-D51F0D5D1D10}.Release|Any CPU.ActiveCfg = Release|Any CPU
		{2CEF77C0-9C56-4905-A59F-D51F0D5D1D10}.Release|Any CPU.Build.0 = Release|Any CPU
		{7C59B5D8-0420-4456-AE84-D3C3BF24346D}.Debug|Any CPU.ActiveCfg = Debug|Any CPU
		{7C59B5D8-0420-4456-AE84-D3C3BF24346D}.Debug|Any CPU.Build.0 = Debug|Any CPU
		{7C59B5D8-0420-4456-AE84-D3C3BF24346D}.Release|Any CPU.ActiveCfg = Release|Any CPU
		{7C59B5D8-0420-4456-AE84-D3C3BF24346D}.Release|Any CPU.Build.0 = Release|Any CPU
	EndGlobalSection
EndGlobal
